
Microsoft Visual Studio Solution File, Format Version 12.00
# Visual Studio Version 16
VisualStudioVersion = 16.0.28922.388
MinimumVisualStudioVersion = 10.0.40219.1
Project("{9A19103F-16F7-4668-BE54-9A1E7A4F7556}") = "Demo.Microservices.Products.API", "Demo.Microservices.Products.API\Demo.Microservices.Products.API.csproj", "{09CB7C79-13E2-4E79-8D20-08916AFC7959}"
EndProject
Project("{9A19103F-16F7-4668-BE54-9A1E7A4F7556}") = "Demo.Microservices.Orders.API", "Demo.Microservices.Orders.API\Demo.Microservices.Orders.API.csproj", "{43492D69-F030-4AC9-B494-3CAFFCB67699}"
EndProject
Project("{9A19103F-16F7-4668-BE54-9A1E7A4F7556}") = "Demo.Microservices.Shipments.API", "Demo.Microservices.Shipments.API\Demo.Microservices.Shipments.API.csproj", "{7A6EF080-7B11-4F3E-8620-61A8A617668A}"
EndProject
Project("{E53339B2-1760-4266-BCC7-CA923CBCF16C}") = "Demo.Microservices.Compose", "Demo.Microservices.Compose.dcproj", "{8B4E651D-A3D1-42B6-AD8C-AAE198901BBF}"
EndProject
Project("{2150E333-8FDC-42A3-9474-1A3956D46DE8}") = "Orders", "Orders", "{0E9142A0-B98F-4F37-AB7D-CF98C4C7F86D}"
EndProject
Project("{2150E333-8FDC-42A3-9474-1A3956D46DE8}") = "Shipments", "Shipments", "{679CA2F9-7877-4C28-8447-ECF32DF5F48D}"
EndProject
Project("{2150E333-8FDC-42A3-9474-1A3956D46DE8}") = "Products", "Products", "{F3EF006F-55A2-4EBB-A764-09551676FC71}"
EndProject
Project("{9A19103F-16F7-4668-BE54-9A1E7A4F7556}") = "Demo.Microservices.Shipments.Webhooks", "Demo.Microservices.Shipments.Webhooks\Demo.Microservices.Shipments.Webhooks.csproj", "{80351A19-FEA7-45BA-AB06-87193917F75E}"
EndProject
Project("{9A19103F-16F7-4668-BE54-9A1E7A4F7556}") = "Demo.Microservices.Shipments.Data", "Demo.Microservices.Shipments.Data\Demo.Microservices.Shipments.Data.csproj", "{56869B08-C1B0-4386-BFC3-B42A14C7BF41}"
EndProject
Project("{9A19103F-16F7-4668-BE54-9A1E7A4F7556}") = "Demo.Microservices.Shipments.Contracts", "Demo.Microservices.Shipments.Contracts\Demo.Microservices.Shipments.Contracts.csproj", "{47BE11F5-67E5-4BA2-BB3C-EFC127767A1D}"
EndProject
Global
	GlobalSection(SolutionConfigurationPlatforms) = preSolution
		Debug|Any CPU = Debug|Any CPU
		Release|Any CPU = Release|Any CPU
	EndGlobalSection
	GlobalSection(ProjectConfigurationPlatforms) = postSolution
		{09CB7C79-13E2-4E79-8D20-08916AFC7959}.Debug|Any CPU.ActiveCfg = Debug|Any CPU
		{09CB7C79-13E2-4E79-8D20-08916AFC7959}.Debug|Any CPU.Build.0 = Debug|Any CPU
		{09CB7C79-13E2-4E79-8D20-08916AFC7959}.Release|Any CPU.ActiveCfg = Release|Any CPU
		{09CB7C79-13E2-4E79-8D20-08916AFC7959}.Release|Any CPU.Build.0 = Release|Any CPU
		{43492D69-F030-4AC9-B494-3CAFFCB67699}.Debug|Any CPU.ActiveCfg = Debug|Any CPU
		{43492D69-F030-4AC9-B494-3CAFFCB67699}.Debug|Any CPU.Build.0 = Debug|Any CPU
		{43492D69-F030-4AC9-B494-3CAFFCB67699}.Release|Any CPU.ActiveCfg = Release|Any CPU
		{43492D69-F030-4AC9-B494-3CAFFCB67699}.Release|Any CPU.Build.0 = Release|Any CPU
		{7A6EF080-7B11-4F3E-8620-61A8A617668A}.Debug|Any CPU.ActiveCfg = Debug|Any CPU
		{7A6EF080-7B11-4F3E-8620-61A8A617668A}.Debug|Any CPU.Build.0 = Debug|Any CPU
		{7A6EF080-7B11-4F3E-8620-61A8A617668A}.Release|Any CPU.ActiveCfg = Release|Any CPU
		{7A6EF080-7B11-4F3E-8620-61A8A617668A}.Release|Any CPU.Build.0 = Release|Any CPU
		{8B4E651D-A3D1-42B6-AD8C-AAE198901BBF}.Debug|Any CPU.ActiveCfg = Debug|Any CPU
		{8B4E651D-A3D1-42B6-AD8C-AAE198901BBF}.Debug|Any CPU.Build.0 = Debug|Any CPU
		{8B4E651D-A3D1-42B6-AD8C-AAE198901BBF}.Release|Any CPU.ActiveCfg = Release|Any CPU
		{8B4E651D-A3D1-42B6-AD8C-AAE198901BBF}.Release|Any CPU.Build.0 = Release|Any CPU
		{80351A19-FEA7-45BA-AB06-87193917F75E}.Debug|Any CPU.ActiveCfg = Debug|Any CPU
		{80351A19-FEA7-45BA-AB06-87193917F75E}.Debug|Any CPU.Build.0 = Debug|Any CPU
		{80351A19-FEA7-45BA-AB06-87193917F75E}.Release|Any CPU.ActiveCfg = Release|Any CPU
		{80351A19-FEA7-45BA-AB06-87193917F75E}.Release|Any CPU.Build.0 = Release|Any CPU
		{56869B08-C1B0-4386-BFC3-B42A14C7BF41}.Debug|Any CPU.ActiveCfg = Debug|Any CPU
		{56869B08-C1B0-4386-BFC3-B42A14C7BF41}.Debug|Any CPU.Build.0 = Debug|Any CPU
		{56869B08-C1B0-4386-BFC3-B42A14C7BF41}.Release|Any CPU.ActiveCfg = Release|Any CPU
		{56869B08-C1B0-4386-BFC3-B42A14C7BF41}.Release|Any CPU.Build.0 = Release|Any CPU
		{47BE11F5-67E5-4BA2-BB3C-EFC127767A1D}.Debug|Any CPU.ActiveCfg = Debug|Any CPU
		{47BE11F5-67E5-4BA2-BB3C-EFC127767A1D}.Debug|Any CPU.Build.0 = Debug|Any CPU
		{47BE11F5-67E5-4BA2-BB3C-EFC127767A1D}.Release|Any CPU.ActiveCfg = Release|Any CPU
		{47BE11F5-67E5-4BA2-BB3C-EFC127767A1D}.Release|Any CPU.Build.0 = Release|Any CPU
	EndGlobalSection
	GlobalSection(SolutionProperties) = preSolution
		HideSolutionNode = FALSE
	EndGlobalSection
	GlobalSection(NestedProjects) = preSolution
		{09CB7C79-13E2-4E79-8D20-08916AFC7959} = {F3EF006F-55A2-4EBB-A764-09551676FC71}
		{43492D69-F030-4AC9-B494-3CAFFCB67699} = {0E9142A0-B98F-4F37-AB7D-CF98C4C7F86D}
		{7A6EF080-7B11-4F3E-8620-61A8A617668A} = {679CA2F9-7877-4C28-8447-ECF32DF5F48D}
		{80351A19-FEA7-45BA-AB06-87193917F75E} = {679CA2F9-7877-4C28-8447-ECF32DF5F48D}
		{56869B08-C1B0-4386-BFC3-B42A14C7BF41} = {679CA2F9-7877-4C28-8447-ECF32DF5F48D}
		{47BE11F5-67E5-4BA2-BB3C-EFC127767A1D} = {679CA2F9-7877-4C28-8447-ECF32DF5F48D}
	EndGlobalSection
	GlobalSection(ExtensibilityGlobals) = postSolution
		SolutionGuid = {CA31D803-7AD4-43A7-8568-2F8EB4922D90}
	EndGlobalSection
EndGlobal
